{
  "name": "@walkcroach/desktop-engine-import-spike",
  "version": "0.0.0-phase0",
  "lockfileVersion": 3,
  "requires": true,
  "packages": {
    "": {
      "name": "@walkcroach/desktop-engine-import-spike",
      "version": "0.0.0-phase0",
      "dependencies": {
        "@walkcroach/agent-engine": "file:../../../walkcroach/packages/agent-engine"
      }
    },
    "../../../walkcroach/packages/agent-engine": {
      "name": "@walkcroach/agent-engine",
      "version": "0.1.0",
      "dependencies": {
        "@aws-sdk/client-bedrock-runtime": "^3.800.0",
        "@modelcontextprotocol/sdk": "^1.29.0"
      },
      "devDependencies": {
        "@types/node": "^22.15.0",
        "@vitest/coverage-v8": "^3.2.7",
        "tsx": "^4.19.0",
        "typescript": "^5.8.0",
        "vitest": "^3.2.4"
      },
      "engines": {
        "node": ">=20"
      }
    },
    "node_modules/@walkcroach/agent-engine": {
      "resolved": "../../../walkcroach/packages/agent-engine",
      "link": true
    }
  }
}
